// !$*UTF8*$!
{
	archiveVersion = 1;
	classes = {
	};
	objectVersion = 55;
	objects = {

/* Begin PBXBuildFile section */
		D7288A7327D3B79C00F8141D /* SnowflakeMiddleCircle.swift in Sources */ = {isa = PBXBuildFile; fileRef = D7288A7227D3B79C00F8141D /* SnowflakeMiddleCircle.swift */; };
		D7288A7627D3C0F200F8141D /* SnowflakeLeavePartOne.swift in Sources */ = {isa = PBXBuildFile; fileRef = D7288A7527D3C0F200F8141D /* SnowflakeLeavePartOne.swift */; };
		D7288A7827D3E30700F8141D /* SnowflakeLeavePartTwo.swift in Sources */ = {isa = PBXBuildFile; fileRef = D7288A7727D3E30700F8141D /* SnowflakeLeavePartTwo.swift */; };
		D7288A7A27D3E39700F8141D /* SnowflakeLeavePartThree.swift in Sources */ = {isa = PBXBuildFile; fileRef = D7288A7927D3E39700F8141D /* SnowflakeLeavePartThree.swift */; };
		D7288A7C27D3E3DB00F8141D /* SnowflakeLeaveShape.swift in Sources */ = {isa = PBXBuildFile; fileRef = D7288A7B27D3E3DB00F8141D /* SnowflakeLeaveShape.swift */; };
		D73161D727D2AACF0002C0D8 /* LogoAnimationApp.swift in Sources */ = {isa = PBXBuildFile; fileRef = D73161D627D2AACF0002C0D8 /* LogoAnimationApp.swift */; };
		D73161D927D2AACF0002C0D8 /* ContentView.swift in Sources */ = {isa = PBXBuildFile; fileRef = D73161D827D2AACF0002C0D8 /* ContentView.swift */; };
		D73161DB27D2AADF0002C0D8 /* Assets.xcassets in Resources */ = {isa = PBXBuildFile; fileRef = D73161DA27D2AADF0002C0D8 /* Assets.xcassets */; };
		D73161DE27D2AADF0002C0D8 /* Preview Assets.xcassets in Resources */ = {isa = PBXBuildFile; fileRef = D73161DD27D2AADF0002C0D8 /* Preview Assets.xcassets */; };
		D73161E527D2AC9F0002C0D8 /* SnowflakeLeave.swift in Sources */ = {isa = PBXBuildFile; fileRef = D73161E427D2AC9F0002C0D8 /* SnowflakeLeave.swift */; };
		D73161E727D2B8B20002C0D8 /* Snowflake.swift in Sources */ = {isa = PBXBuildFile; fileRef = D73161E627D2B8B20002C0D8 /* Snowflake.swift */; };
		D7B339B327D3ED7800FB4FB8 /* SnowflakeSpikes.swift in Sources */ = {isa = PBXBuildFile; fileRef = D7B339B227D3ED7800FB4FB8 /* SnowflakeSpikes.swift */; };
		D7B339B627D3EE7500FB4FB8 /* SpikeOne.swift in Sources */ = {isa = PBXBuildFile; fileRef = D7B339B527D3EE7400FB4FB8 /* SpikeOne.swift */; };
		D7B339B827D3EEED00FB4FB8 /* SpikeTwo.swift in Sources */ = {isa = PBXBuildFile; fileRef = D7B339B727D3EEED00FB4FB8 /* SpikeTwo.swift */; };
		D7B339BA27D3EF3A00FB4FB8 /* SpikeThree.swift in Sources */ = {isa = PBXBuildFile; fileRef = D7B339B927D3EF3A00FB4FB8 /* SpikeThree.swift */; };
		D7B339BC27D3EFF700FB4FB8 /* SpikesShape.swift in Sources */ = {isa = PBXBuildFile; fileRef = D7B339BB27D3EFF700FB4FB8 /* SpikesShape.swift */; };
		D7B339BF27D4360900FB4FB8 /* SpikeFour.swift in Sources */ = {isa = PBXBuildFile; fileRef = D7B339BE27D4360900FB4FB8 /* SpikeFour.swift */; };
		D7B339C127D4361600FB4FB8 /* SpikeFive.swift in Sources */ = {isa = PBXBuildFile; fileRef = D7B339C027D4361600FB4FB8 /* SpikeFive.swift */; };
		D7B339C327D4361E00FB4FB8 /* SpikeSix.swift in Sources */ = {isa = PBXBuildFile; fileRef = D7B339C227D4361E00FB4FB8 /* SpikeSix.swift */; };
/* End PBXBuildFile section */

/* Begin PBXFileReference section */
		D7288A7227D3B79C00F8141D /* SnowflakeMiddleCircle.swift */ = {isa = PBXFileReference; lastKnownFileType = sourcecode.swift; path = SnowflakeMiddleCircle.swift; sourceTree = "<group>"; };
		D7288A7527D3C0F200F8141D /* SnowflakeLeavePartOne.swift */ = {isa = PBXFileReference; lastKnownFileType = sourcecode.swift; path = SnowflakeLeavePartOne.swift; sourceTree = "<group>"; };
		D7288A7727D3E30700F8141D /* SnowflakeLeavePartTwo.swift */ = {isa = PBXFileReference; lastKnownFileType = sourcecode.swift; path = SnowflakeLeavePartTwo.swift; sourceTree = "<group>"; };
		D7288A7927D3E39700F8141D /* SnowflakeLeavePartThree.swift */ = {isa = PBXFileReference; lastKnownFileType = sourcecode.swift; path = SnowflakeLeavePartThree.swift; sourceTree = "<group>"; };
		D7288A7B27D3E3DB00F8141D /* SnowflakeLeaveShape.swift */ = {isa = PBXFileReference; lastKnownFileType = sourcecode.swift; path = SnowflakeLeaveShape.swift; sourceTree = "<group>"; };
		D73161D327D2AACF0002C0D8 /* LogoAnimation.app */ = {isa = PBXFileReference; explicitFileType = wrapper.application; includeInIndex = 0; path = LogoAnimation.app; sourceTree = BUILT_PRODUCTS_DIR; };
		D73161D627D2AACF0002C0D8 /* LogoAnimationApp.swift */ = {isa = PBXFileReference; lastKnownFileType = sourcecode.swift; path = LogoAnimationApp.swift; sourceTree = "<group>"; };
		D73161D827D2AACF0002C0D8 /* ContentView.swift */ = {isa = PBXFileReference; lastKnownFileType = sourcecode.swift; path = ContentView.swift; sourceTree = "<group>"; };
		D73161DA27D2AADF0002C0D8 /* Assets.xcassets */ = {isa = PBXFileReference; lastKnownFileType = folder.assetcatalog; path = Assets.xcassets; sourceTree = "<group>"; };
		D73161DD27D2AADF0002C0D8 /* Preview Assets.xcassets */ = {isa = PBXFileReference; lastKnownFileType = folder.assetcatalog; path = "Preview Assets.xcassets"; sourceTree = "<group>"; };
		D73161E427D2AC9F0002C0D8 /* SnowflakeLeave.swift */ = {isa = PBXFileReference; lastKnownFileType = sourcecode.swift; path = SnowflakeLeave.swift; sourceTree = "<group>"; };
		D73161E627D2B8B20002C0D8 /* Snowflake.swift */ = {isa = PBXFileReference; lastKnownFileType = sourcecode.swift; path = Snowflake.swift; sourceTree = "<group>"; };
		D7B339B227D3ED7800FB4FB8 /* SnowflakeSpikes.swift */ = {isa = PBXFileReference; lastKnownFileType = sourcecode.swift; path = SnowflakeSpikes.swift; sourceTree = "<group>"; };
		D7B339B527D3EE7400FB4FB8 /* SpikeOne.swift */ = {isa = PBXFileReference; lastKnownFileType = sourcecode.swift; path = SpikeOne.swift; sourceTree = "<group>"; };
		D7B339B727D3EEED00FB4FB8 /* SpikeTwo.swift */ = {isa = PBXFileReference; lastKnownFileType = sourcecode.swift; path = SpikeTwo.swift; sourceTree = "<group>"; };
		D7B339B927D3EF3A00FB4FB8 /* SpikeThree.swift */ = {isa = PBXFileReference; lastKnownFileType = sourcecode.swift; path = SpikeThree.swift; sourceTree = "<group>"; };
		D7B339BB27D3EFF700FB4FB8 /* SpikesShape.swift */ = {isa = PBXFileReference; lastKnownFileType = sourcecode.swift; path = SpikesShape.swift; sourceTree = "<group>"; };
		D7B339BE27D4360900FB4FB8 /* SpikeFour.swift */ = {isa = PBXFileReference; lastKnownFileType = sourcecode.swift; path = SpikeFour.swift; sourceTree = "<group>"; };
		D7B339C027D4361600FB4FB8 /* SpikeFive.swift */ = {isa = PBXFileReference; lastKnownFileType = sourcecode.swift; path = SpikeFive.swift; sourceTree = "<group>"; };
		D7B339C227D4361E00FB4FB8 /* SpikeSix.swift */ = {isa = PBXFileReference; lastKnownFileType = sourcecode.swift; path = SpikeSix.swift; sourceTree = "<group>"; };
/* End PBXFileReference section */

/* Begin PBXFrameworksBuildPhase section */
		D73161D027D2AACF0002C0D8 /* Frameworks */ = {
			isa = PBXFrameworksBuildPhase;
			buildActionMask = 2147483647;
			files = (
			);
			runOnlyForDeploymentPostprocessing = 0;
		};
/* End PBXFrameworksBuildPhase section */

/* Begin PBXGroup section */
		D7288A7427D3BAB200F8141D /* SnowflakeView */ = {
			isa = PBXGroup;
			children = (
				D73161E627D2B8B20002C0D8 /* Snowflake.swift */,
				D73161E427D2AC9F0002C0D8 /* SnowflakeLeave.swift */,
				D7288A7227D3B79C00F8141D /* SnowflakeMiddleCircle.swift */,
				D7B339B227D3ED7800FB4FB8 /* SnowflakeSpikes.swift */,
				D7B339B427D3EDC200FB4FB8 /* SnowflakeSpikesShape */,
				D72C260627D3EAB500D5FDFC /* SnowflakeLeaveShape */,
			);
			path = SnowflakeView;
			sourceTree = "<group>";
		};
		D72C260627D3EAB500D5FDFC /* SnowflakeLeaveShape */ = {
			isa = PBXGroup;
			children = (
				D7288A7B27D3E3DB00F8141D /* SnowflakeLeaveShape.swift */,
				D7288A7527D3C0F200F8141D /* SnowflakeLeavePartOne.swift */,
				D7288A7727D3E30700F8141D /* SnowflakeLeavePartTwo.swift */,
				D7288A7927D3E39700F8141D /* SnowflakeLeavePartThree.swift */,
			);
			path = SnowflakeLeaveShape;
			sourceTree = "<group>";
		};
		D73161CA27D2AACF0002C0D8 = {
			isa = PBXGroup;
			children = (
				D73161D527D2AACF0002C0D8 /* LogoAnimation */,
				D73161D427D2AACF0002C0D8 /* Products */,
			);
			sourceTree = "<group>";
		};
		D73161D427D2AACF0002C0D8 /* Products */ = {
			isa = PBXGroup;
			children = (
				D73161D327D2AACF0002C0D8 /* LogoAnimation.app */,
			);
			name = Products;
			sourceTree = "<group>";
		};
		D73161D527D2AACF0002C0D8 /* LogoAnimation */ = {
			isa = PBXGroup;
			children = (
				D73161D627D2AACF0002C0D8 /* LogoAnimationApp.swift */,
				D73161D827D2AACF0002C0D8 /* ContentView.swift */,
				D7288A7427D3BAB200F8141D /* SnowflakeView */,
				D73161DA27D2AADF0002C0D8 /* Assets.xcassets */,
				D73161DC27D2AADF0002C0D8 /* Preview Content */,
			);
			path = LogoAnimation;
			sourceTree = "<group>";
		};
		D73161DC27D2AADF0002C0D8 /* Preview Content */ = {
			isa = PBXGroup;
			children = (
				D73161DD27D2AADF0002C0D8 /* Preview Assets.xcassets */,
			);
			path = "Preview Content";
			sourceTree = "<group>";
		};
		D7B339B427D3EDC200FB4FB8 /* SnowflakeSpikesShape */ = {
			isa = PBXGroup;
			children = (
				D7B339BB27D3EFF700FB4FB8 /* SpikesShape.swift */,
				D7B339B527D3EE7400FB4FB8 /* SpikeOne.swift */,
				D7B339B727D3EEED00FB4FB8 /* SpikeTwo.swift */,
				D7B339B927D3EF3A00FB4FB8 /* SpikeThree.swift */,
				D7B339BE27D4360900FB4FB8 /* SpikeFour.swift */,
				D7B339C027D4361600FB4FB8 /* SpikeFive.swift */,
				D7B339C227D4361E00FB4FB8 /* SpikeSix.swift */,
			);
			path = SnowflakeSpikesShape;
			sourceTree = "<group>";
		};
/* End PBXGroup section */

/* Begin PBXNativeTarget section */
		D73161D227D2AACF0002C0D8 /* LogoAnimation */ = {
			isa = PBXNativeTarget;
			buildConfigurationList = D73161E127D2AADF0002C0D8 /* Build configuration list for PBXNativeTarget "LogoAnimation" */;
			buildPhases = (
				D73161CF27D2AACF0002C0D8 /* Sources */,
				D73161D027D2AACF0002C0D8 /* Frameworks */,
				D73161D127D2AACF0002C0D8 /* Resources */,
			);
			buildRules = (
			);
			dependencies = (
			);
			name = LogoAnimation;
			productName = LogoAnimation;
			productReference = D73161D327D2AACF0002C0D8 /* LogoAnimation.app */;
			productType = "com.apple.product-type.application";
		};
/* End PBXNativeTarget section */

/* Begin PBXProject section */
		D73161CB27D2AACF0002C0D8 /* Project object */ = {
			isa = PBXProject;
			attributes = {
				BuildIndependentTargetsInParallel = 1;
				LastSwiftUpdateCheck = 1320;
				LastUpgradeCheck = 1320;
				TargetAttributes = {
					D73161D227D2AACF0002C0D8 = {
						CreatedOnToolsVersion = 13.2.1;
					};
				};
			};
			buildConfigurationList = D73161CE27D2AACF0002C0D8 /* Build configuration list for PBXProject "LogoAnimation" */;
			compatibilityVersion = "Xcode 13.0";
			developmentRegion = en;
			hasScannedForEncodings = 0;
			knownRegions = (
				en,
				Base,
			);
			mainGroup = D73161CA27D2AACF0002C0D8;
			productRefGroup = D73161D427D2AACF0002C0D8 /* Products */;
			projectDirPath = "";
			projectRoot = "";
			targets = (
				D73161D227D2AACF0002C0D8 /* LogoAnimation */,
			);
		};
/* End PBXProject section */

/* Begin PBXResourcesBuildPhase section */
		D73161D127D2AACF0002C0D8 /* Resources */ = {
			isa = PBXResourcesBuildPhase;
			buildActionMask = 2147483647;
			files = (
				D73161DE27D2AADF0002C0D8 /* Preview Assets.xcassets in Resources */,
				D73161DB27D2AADF0002C0D8 /* Assets.xcassets in Resources */,
			);
			runOnlyForDeploymentPostprocessing = 0;
		};
/* End PBXResourcesBuildPhase section */

/* Begin PBXSourcesBuildPhase section */
		D73161CF27D2AACF0002C0D8 /* Sources */ = {
			isa = PBXSourcesBuildPhase;
			buildActionMask = 2147483647;
			files = (
				D7B339C127D4361600FB4FB8 /* SpikeFive.swift in Sources */,
				D7B339B627D3EE7500FB4FB8 /* SpikeOne.swift in Sources */,
				D7288A7827D3E30700F8141D /* SnowflakeLeavePartTwo.swift in Sources */,
				D7B339BC27D3EFF700FB4FB8 /* SpikesShape.swift in Sources */,
				D7288A7627D3C0F200F8141D /* SnowflakeLeavePartOne.swift in Sources */,
				D7288A7C27D3E3DB00F8141D /* SnowflakeLeaveShape.swift in Sources */,
				D7288A7327D3B79C00F8141D /* SnowflakeMiddleCircle.swift in Sources */,
				D7B339BF27D4360900FB4FB8 /* SpikeFour.swift in Sources */,
				D73161E727D2B8B20002C0D8 /* Snowflake.swift in Sources */,
				D73161D927D2AACF0002C0D8 /* ContentView.swift in Sources */,
				D7B339B827D3EEED00FB4FB8 /* SpikeTwo.swift in Sources */,
				D7B339C327D4361E00FB4FB8 /* SpikeSix.swift in Sources */,
				D73161E527D2AC9F0002C0D8 /* SnowflakeLeave.swift in Sources */,
				D7B339BA27D3EF3A00FB4FB8 /* SpikeThree.swift in Sources */,
				D7288A7A27D3E39700F8141D /* SnowflakeLeavePartThree.swift in Sources */,
				D73161D727D2AACF0002C0D8 /* LogoAnimationApp.swift in Sources */,
				D7B339B327D3ED7800FB4FB8 /* SnowflakeSpikes.swift in Sources */,
			);
			runOnlyForDeploymentPostprocessing = 0;
		};
/* End PBXSourcesBuildPhase section */

/* Begin XCBuildConfiguration section */
		D73161DF27D2AADF0002C0D8 /* Debug */ = {
			isa = XCBuildConfiguration;
			buildSettings = {
				ALWAYS_SEARCH_USER_PATHS = NO;
				CLANG_ANALYZER_NONNULL = YES;
				CLANG_ANALYZER_NUMBER_OBJECT_CONVERSION = YES_AGGRESSIVE;
				CLANG_CXX_LANGUAGE_STANDARD = "gnu++17";
				CLANG_CXX_LIBRARY = "libc++";
				CLANG_ENABLE_MODULES = YES;
				CLANG_ENABLE_OBJC_ARC = YES;
				CLANG_ENABLE_OBJC_WEAK = YES;
				CLANG_WARN_BLOCK_CAPTURE_AUTORELEASING = YES;
				CLANG_WARN_BOOL_CONVERSION = YES;
				CLANG_WARN_COMMA = YES;
				CLANG_WARN_CONSTANT_CONVERSION = YES;
				CLANG_WARN_DEPRECATED_OBJC_IMPLEMENTATIONS = YES;
				CLANG_WARN_DIRECT_OBJC_ISA_USAGE = YES_ERROR;
				CLANG_WARN_DOCUMENTATION_COMMENTS = YES;
				CLANG_WARN_EMPTY_BODY = YES;
				CLANG_WARN_ENUM_CONVERSION = YES;
				CLANG_WARN_INFINITE_RECURSION = YES;
				CLANG_WARN_INT_CONVERSION = YES;
				CLANG_WARN_NON_LITERAL_NULL_CONVERSION = YES;
				CLANG_WARN_OBJC_IMPLICIT_RETAIN_SELF = YES;
				CLANG_WARN_OBJC_LITERAL_CONVERSION = YES;
				CLANG_WARN_OBJC_ROOT_CLASS = YES_ERROR;
				CLANG_WARN_QUOTED_INCLUDE_IN_FRAMEWORK_HEADER = YES;
				CLANG_WARN_RANGE_LOOP_ANALYSIS = YES;
				CLANG_WARN_STRICT_PROTOTYPES = YES;
				CLANG_WARN_SUSPICIOUS_MOVE = YES;
				CLANG_WARN_UNGUARDED_AVAILABILITY = YES_AGGRESSIVE;
				CLANG_WARN_UNREACHABLE_CODE = YES;
				CLANG_WARN__DUPLICATE_METHOD_MATCH = YES;
				COPY_PHASE_STRIP = NO;
				DEBUG_INFORMATION_FORMAT = dwarf;
				ENABLE_STRICT_OBJC_MSGSEND = YES;
				ENABLE_TESTABILITY = YES;
				GCC_C_LANGUAGE_STANDARD = gnu11;
				GCC_DYNAMIC_NO_PIC = NO;
				GCC_NO_COMMON_BLOCKS = YES;
				GCC_OPTIMIZATION_LEVEL = 0;
				GCC_PREPROCESSOR_DEFINITIONS = (
					"DEBUG=1",
					"$(inherited)",
				);
				GCC_WARN_64_TO_32_BIT_CONVERSION = YES;
				GCC_WARN_ABOUT_RETURN_TYPE = YES_ERROR;
				GCC_WARN_UNDECLARED_SELECTOR = YES;
				GCC_WARN_UNINITIALIZED_AUTOS = YES_AGGRESSIVE;
				GCC_WARN_UNUSED_FUNCTION = YES;
				GCC_WARN_UNUSED_VARIABLE = YES;
				IPHONEOS_DEPLOYMENT_TARGET = 15.2;
				MTL_ENABLE_DEBUG_INFO = INCLUDE_SOURCE;
				MTL_FAST_MATH = YES;
				ONLY_ACTIVE_ARCH = YES;
				SDKROOT = iphoneos;
				SWIFT_ACTIVE_COMPILATION_CONDITIONS = DEBUG;
				SWIFT_OPTIMIZATION_LEVEL = "-Onone";
			};
			name = Debug;
		};
		D73161E027D2AADF0002C0D8 /* Release */ = {
			isa = XCBuildConfiguration;
			buildSettings = {
				ALWAYS_SEARCH_USER_PATHS = NO;
				CLANG_ANALYZER_NONNULL = YES;
				CLANG_ANALYZER_NUMBER_OBJECT_CONVERSION = YES_AGGRESSIVE;
				CLANG_CXX_LANGUAGE_STANDARD = "gnu++17";
				CLANG_CXX_LIBRARY = "libc++";
				CLANG_ENABLE_MODULES = YES;
				CLANG_ENABLE_OBJC_ARC = YES;
				CLANG_ENABLE_OBJC_WEAK = YES;
				CLANG_WARN_BLOCK_CAPTURE_AUTORELEASING = YES;
				CLANG_WARN_BOOL_CONVERSION = YES;
				CLANG_WARN_COMMA = YES;
				CLANG_WARN_CONSTANT_CONVERSION = YES;
				CLANG_WARN_DEPRECATED_OBJC_IMPLEMENTATIONS = YES;
				CLANG_WARN_DIRECT_OBJC_ISA_USAGE = YES_ERROR;
				CLANG_WARN_DOCUMENTATION_COMMENTS = YES;
				CLANG_WARN_EMPTY_BODY = YES;
				CLANG_WARN_ENUM_CONVERSION = YES;
				CLANG_WARN_INFINITE_RECURSION = YES;
				CLANG_WARN_INT_CONVERSION = YES;
				CLANG_WARN_NON_LITERAL_NULL_CONVERSION = YES;
				CLANG_WARN_OBJC_IMPLICIT_RETAIN_SELF = YES;
				CLANG_WARN_OBJC_LITERAL_CONVERSION = YES;
				CLANG_WARN_OBJC_ROOT_CLASS = YES_ERROR;
				CLANG_WARN_QUOTED_INCLUDE_IN_FRAMEWORK_HEADER = YES;
				CLANG_WARN_RANGE_LOOP_ANALYSIS = YES;
				CLANG_WARN_STRICT_PROTOTYPES = YES;
				CLANG_WARN_SUSPICIOUS_MOVE = YES;
				CLANG_WARN_UNGUARDED_AVAILABILITY = YES_AGGRESSIVE;
				CLANG_WARN_UNREACHABLE_CODE = YES;
				CLANG_WARN__DUPLICATE_METHOD_MATCH = YES;
				COPY_PHASE_STRIP = NO;
				DEBUG_INFORMATION_FORMAT = "dwarf-with-dsym";
				ENABLE_NS_ASSERTIONS = NO;
				ENABLE_STRICT_OBJC_MSGSEND = YES;
				GCC_C_LANGUAGE_STANDARD = gnu11;
				GCC_NO_COMMON_BLOCKS = YES;
				GCC_WARN_64_TO_32_BIT_CONVERSION = YES;
				GCC_WARN_ABOUT_RETURN_TYPE = YES_ERROR;
				GCC_WARN_UNDECLARED_SELECTOR = YES;
				GCC_WARN_UNINITIALIZED_AUTOS = YES_AGGRESSIVE;
				GCC_WARN_UNUSED_FUNCTION = YES;
				GCC_WARN_UNUSED_VARIABLE = YES;
				IPHONEOS_DEPLOYMENT_TARGET = 15.2;
				MTL_ENABLE_DEBUG_INFO = NO;
				MTL_FAST_MATH = YES;
				SDKROOT = iphoneos;
				SWIFT_COMPILATION_MODE = wholemodule;
				SWIFT_OPTIMIZATION_LEVEL = "-O";
				VALIDATE_PRODUCT = YES;
			};
			name = Release;
		};
		D73161E227D2AADF0002C0D8 /* Debug */ = {
			isa = XCBuildConfiguration;
			buildSettings = {
				ASSETCATALOG_COMPILER_APPICON_NAME = AppIcon;
				ASSETCATALOG_COMPILER_GLOBAL_ACCENT_COLOR_NAME = AccentColor;
				CODE_SIGN_STYLE = Automatic;
				CURRENT_PROJECT_VERSION = 1;
				DEVELOPMENT_ASSET_PATHS = "\"LogoAnimation/Preview Content\"";
				DEVELOPMENT_TEAM = AUP52MS6LU;
				ENABLE_PREVIEWS = YES;
				GENERATE_INFOPLIST_FILE = YES;
				INFOPLIST_KEY_UIApplicationSceneManifest_Generation = YES;
				INFOPLIST_KEY_UIApplicationSupportsIndirectInputEvents = YES;
				INFOPLIST_KEY_UILaunchScreen_Generation = YES;
				INFOPLIST_KEY_UISupportedInterfaceOrientations_iPad = "UIInterfaceOrientationPortrait UIInterfaceOrientationPortraitUpsideDown UIInterfaceOrientationLandscapeLeft UIInterfaceOrientationLandscapeRight";
				INFOPLIST_KEY_UISupportedInterfaceOrientations_iPhone = "UIInterfaceOrientationPortrait UIInterfaceOrientationLandscapeLeft UIInterfaceOrientationLandscapeRight";
				LD_RUNPATH_SEARCH_PATHS = (
					"$(inherited)",
					"@executable_path/Frameworks",
				);
				MARKETING_VERSION = 1.0;
				PRODUCT_BUNDLE_IDENTIFIER = ru.swiftui.LogoAnimation;
				PRODUCT_NAME = "$(TARGET_NAME)";
				SWIFT_EMIT_LOC_STRINGS = YES;
				SWIFT_VERSION = 5.0;
				TARGETED_DEVICE_FAMILY = "1,2";
			};
			name = Debug;
		};
		D73161E327D2AADF0002C0D8 /* Release */ = {
			isa = XCBuildConfiguration;
			buildSettings = {
				ASSETCATALOG_COMPILER_APPICON_NAME = AppIcon;
				ASSETCATALOG_COMPILER_GLOBAL_ACCENT_COLOR_NAME = AccentColor;
				CODE_SIGN_STYLE = Automatic;
				CURRENT_PROJECT_VERSION = 1;
				DEVELOPMENT_ASSET_PATHS = "\"LogoAnimation/Preview Content\"";
				DEVELOPMENT_TEAM = AUP52MS6LU;
				ENABLE_PREVIEWS = YES;
				GENERATE_INFOPLIST_FILE = YES;
				INFOPLIST_KEY_UIApplicationSceneManifest_Generation = YES;
				INFOPLIST_KEY_UIApplicationSupportsIndirectInputEvents = YES;
				INFOPLIST_KEY_UILaunchScreen_Generation = YES;
				INFOPLIST_KEY_UISupportedInterfaceOrientations_iPad = "UIInterfaceOrientationPortrait UIInterfaceOrientationPortraitUpsideDown UIInterfaceOrientationLandscapeLeft UIInterfaceOrientationLandscapeRight";
				INFOPLIST_KEY_UISupportedInterfaceOrientations_iPhone = "UIInterfaceOrientationPortrait UIInterfaceOrientationLandscapeLeft UIInterfaceOrientationLandscapeRight";
				LD_RUNPATH_SEARCH_PATHS = (
					"$(inherited)",
					"@executable_path/Frameworks",
				);
				MARKETING_VERSION = 1.0;
				PRODUCT_BUNDLE_IDENTIFIER = ru.swiftui.LogoAnimation;
				PRODUCT_NAME = "$(TARGET_NAME)";
				SWIFT_EMIT_LOC_STRINGS = YES;
				SWIFT_VERSION = 5.0;
				TARGETED_DEVICE_FAMILY = "1,2";
			};
			name = Release;
		};
/* End XCBuildConfiguration section */

/* Begin XCConfigurationList section */
		D73161CE27D2AACF0002C0D8 /* Build configuration list for PBXProject "LogoAnimation" */ = {
			isa = XCConfigurationList;
			buildConfigurations = (
				D73161DF27D2AADF0002C0D8 /* Debug */,
				D73161E027D2AADF0002C0D8 /* Release */,
			);
			defaultConfigurationIsVisible = 0;
			defaultConfigurationName = Release;
		};
		D73161E127D2AADF0002C0D8 /* Build configuration list for PBXNativeTarget "LogoAnimation" */ = {
			isa = XCConfigurationList;
			buildConfigurations = (
				D73161E227D2AADF0002C0D8 /* Debug */,
				D73161E327D2AADF0002C0D8 /* Release */,
			);
			defaultConfigurationIsVisible = 0;
			defaultConfigurationName = Release;
		};
/* End XCConfigurationList section */
	};
	rootObject = D73161CB27D2AACF0002C0D8 /* Project object */;
}
